
Microsoft Visual Studio Solution File, Format Version 12.00
# Visual Studio 15
VisualStudioVersion = 15.0.27428.2037
MinimumVisualStudioVersion = 10.0.40219.1
Project("{FAE04EC0-301F-11D3-BF4B-00C04F79EFBC}") = "BunnyBudgetterPlatform", "BunnyBudgetterPlatform\BunnyBudgetterPlatform.csproj", "{5E6EFA36-923F-4DB6-86AE-9FA4AC925517}"
EndProject
Project("{FAE04EC0-301F-11D3-BF4B-00C04F79EFBC}") = "BunnyBudgetter.Data", "BunnyBudgetter.Data\BunnyBudgetter.Data.csproj", "{9B4BC7AF-8BE2-4C13-A56A-244AC75C8DA9}"
EndProject
Global
	GlobalSection(SolutionConfigurationPlatforms) = preSolution
		Debug|Any CPU = Debug|Any CPU
		Release|Any CPU = Release|Any CPU
	EndGlobalSection
	GlobalSection(ProjectConfigurationPlatforms) = postSolution
		{5E6EFA36-923F-4DB6-86AE-9FA4AC925517}.Debug|Any CPU.ActiveCfg = Debug|Any CPU
		{5E6EFA36-923F-4DB6-86AE-9FA4AC925517}.Debug|Any CPU.Build.0 = Debug|Any CPU
		{5E6EFA36-923F-4DB6-86AE-9FA4AC925517}.Release|Any CPU.ActiveCfg = Release|Any CPU
		{5E6EFA36-923F-4DB6-86AE-9FA4AC925517}.Release|Any CPU.Build.0 = Release|Any CPU
		{9B4BC7AF-8BE2-4C13-A56A-244AC75C8DA9}.Debug|Any CPU.ActiveCfg = Debug|Any CPU
		{9B4BC7AF-8BE2-4C13-A56A-244AC75C8DA9}.Debug|Any CPU.Build.0 = Debug|Any CPU
		{9B4BC7AF-8BE2-4C13-A56A-244AC75C8DA9}.Release|Any CPU.ActiveCfg = Release|Any CPU
		{9B4BC7AF-8BE2-4C13-A56A-244AC75C8DA9}.Release|Any CPU.Build.0 = Release|Any CPU
	EndGlobalSection
	GlobalSection(SolutionProperties) = preSolution
		HideSolutionNode = FALSE
	EndGlobalSection
	GlobalSection(ExtensibilityGlobals) = postSolution
		SolutionGuid = {6A0D4763-C89B-4878-8A3F-3E509BC21ED2}
	EndGlobalSection
EndGlobal
